
Microsoft Visual Studio Solution File, Format Version 12.00
# Visual Studio Version 16
VisualStudioVersion = 16.0.31005.135
MinimumVisualStudioVersion = 10.0.40219.1
Project("{FAE04EC0-301F-11D3-BF4B-00C04F79EFBC}") = "ConsoleApp12", "ConsoleApp12\ConsoleApp12.csproj", "{2B25B596-81C3-40C7-BBAE-C2D8F78E1660}"
EndProject
Global
	GlobalSection(SolutionConfigurationPlatforms) = preSolution
		Debug|Any CPU = Debug|Any CPU
		Release|Any CPU = Release|Any CPU
	EndGlobalSection
	GlobalSection(ProjectConfigurationPlatforms) = postSolution
		{2B25B596-81C3-40C7-BBAE-C2D8F78E1660}.Debug|Any CPU.ActiveCfg = Debug|Any CPU
		{2B25B596-81C3-40C7-BBAE-C2D8F78E1660}.Debug|Any CPU.Build.0 = Debug|Any CPU
		{2B25B596-81C3-40C7-BBAE-C2D8F78E1660}.Release|Any CPU.ActiveCfg = Release|Any CPU
		{2B25B596-81C3-40C7-BBAE-C2D8F78E1660}.Release|Any CPU.Build.0 = Release|Any CPU
	EndGlobalSection
	GlobalSection(SolutionProperties) = preSolution
		HideSolutionNode = FALSE
	EndGlobalSection
	GlobalSection(ExtensibilityGlobals) = postSolution
		SolutionGuid = {08948B51-A750-4529-A23A-0CD7DAA04818}
	EndGlobalSection
EndGlobal
